
Microsoft Visual Studio Solution File, Format Version 12.00
# Visual Studio Version 17
VisualStudioVersion = 17.3.32922.545
MinimumVisualStudioVersion = 10.0.40219.1
Project("{FAE04EC0-301F-11D3-BF4B-00C04F79EFBC}") = "Poly", "Poly\Poly.csproj", "{01B7F550-7DBD-4EC8-9E11-A78646923C2B}"
EndProject
Project("{FAE04EC0-301F-11D3-BF4B-00C04F79EFBC}") = "PolyTest", "PolyTest\PolyTest.csproj", "{A21A287E-29A8-4F2A-9CF6-2EABC94C74BA}"
EndProject
Global
	GlobalSection(SolutionConfigurationPlatforms) = preSolution
		Debug|Any CPU = Debug|Any CPU
		Release|Any CPU = Release|Any CPU
	EndGlobalSection
	GlobalSection(ProjectConfigurationPlatforms) = postSolution
		{01B7F550-7DBD-4EC8-9E11-A78646923C2B}.Debug|Any CPU.ActiveCfg = Debug|Any CPU
		{01B7F550-7DBD-4EC8-9E11-A78646923C2B}.Debug|Any CPU.Build.0 = Debug|Any CPU
		{01B7F550-7DBD-4EC8-9E11-A78646923C2B}.Release|Any CPU.ActiveCfg = Release|Any CPU
		{01B7F550-7DBD-4EC8-9E11-A78646923C2B}.Release|Any CPU.Build.0 = Release|Any CPU
		{A21A287E-29A8-4F2A-9CF6-2EABC94C74BA}.Debug|Any CPU.ActiveCfg = Debug|Any CPU
		{A21A287E-29A8-4F2A-9CF6-2EABC94C74BA}.Debug|Any CPU.Build.0 = Debug|Any CPU
		{A21A287E-29A8-4F2A-9CF6-2EABC94C74BA}.Release|Any CPU.ActiveCfg = Release|Any CPU
		{A21A287E-29A8-4F2A-9CF6-2EABC94C74BA}.Release|Any CPU.Build.0 = Release|Any CPU
	EndGlobalSection
	GlobalSection(SolutionProperties) = preSolution
		HideSolutionNode = FALSE
	EndGlobalSection
	GlobalSection(ExtensibilityGlobals) = postSolution
		SolutionGuid = {8310FFEE-E1CD-4DF0-8002-2B3D9301781B}
	EndGlobalSection
EndGlobal
